
Microsoft Visual Studio Solution File, Format Version 12.00
# Visual Studio Version 17
VisualStudioVersion = 17.6.33829.357
MinimumVisualStudioVersion = 10.0.40219.1
Project("{8BC9CEB8-8B4A-11D0-8D11-00A0C91BC942}") = "LR1", "TPP_MIET\TPP_MIET.vcxproj", "{C82E9C1D-AD42-4146-AEA3-4F0B304A51AD}"
EndProject
Project("{8BC9CEB8-8B4A-11D0-8D11-00A0C91BC942}") = "LR2", "LR2\LR2.vcxproj", "{572F08A9-DCAC-4DA5-910D-94C7B58E3286}"
EndProject
Project("{8BC9CEB8-8B4A-11D0-8D11-00A0C91BC942}") = "LR3", "LR3\LR3.vcxproj", "{B2EBB421-EFF0-4B98-B25A-5FC2E88A2D74}"
EndProject
Project("{8BC9CEB8-8B4A-11D0-8D11-00A0C91BC942}") = "LR4", "LR4\LR4.vcxproj", "{0C549AE7-24EB-4121-95B6-22A95EDF1F04}"
EndProject
Project("{8BC9CEB8-8B4A-11D0-8D11-00A0C91BC942}") = "LR5", "LR5\LR5.vcxproj", "{DACEFD6D-C355-4CB2-B981-3A882B9953AA}"
EndProject
Global
	GlobalSection(SolutionConfigurationPlatforms) = preSolution
		Debug|x64 = Debug|x64
		Debug|x86 = Debug|x86
		Release|x64 = Release|x64
		Release|x86 = Release|x86
	EndGlobalSection
	GlobalSection(ProjectConfigurationPlatforms) = postSolution
		{C82E9C1D-AD42-4146-AEA3-4F0B304A51AD}.Debug|x64.ActiveCfg = Debug|x64
		{C82E9C1D-AD42-4146-AEA3-4F0B304A51AD}.Debug|x64.Build.0 = Debug|x64
		{C82E9C1D-AD42-4146-AEA3-4F0B304A51AD}.Debug|x86.ActiveCfg = Debug|Win32
		{C82E9C1D-AD42-4146-AEA3-4F0B304A51AD}.Debug|x86.Build.0 = Debug|Win32
		{C82E9C1D-AD42-4146-AEA3-4F0B304A51AD}.Release|x64.ActiveCfg = Release|x64
		{C82E9C1D-AD42-4146-AEA3-4F0B304A51AD}.Release|x64.Build.0 = Release|x64
		{C82E9C1D-AD42-4146-AEA3-4F0B304A51AD}.Release|x86.ActiveCfg = Release|Win32
		{C82E9C1D-AD42-4146-AEA3-4F0B304A51AD}.Release|x86.Build.0 = Release|Win32
		{572F08A9-DCAC-4DA5-910D-94C7B58E3286}.Debug|x64.ActiveCfg = Debug|x64
		{572F08A9-DCAC-4DA5-910D-94C7B58E3286}.Debug|x64.Build.0 = Debug|x64
		{572F08A9-DCAC-4DA5-910D-94C7B58E3286}.Debug|x86.ActiveCfg = Debug|Win32
		{572F08A9-DCAC-4DA5-910D-94C7B58E3286}.Debug|x86.Build.0 = Debug|Win32
		{572F08A9-DCAC-4DA5-910D-94C7B58E3286}.Release|x64.ActiveCfg = Release|x64
		{572F08A9-DCAC-4DA5-910D-94C7B58E3286}.Release|x64.Build.0 = Release|x64
		{572F08A9-DCAC-4DA5-910D-94C7B58E3286}.Release|x86.ActiveCfg = Release|Win32
		{572F08A9-DCAC-4DA5-910D-94C7B58E3286}.Release|x86.Build.0 = Release|Win32
		{B2EBB421-EFF0-4B98-B25A-5FC2E88A2D74}.Debug|x64.ActiveCfg = Debug|x64
		{B2EBB421-EFF0-4B98-B25A-5FC2E88A2D74}.Debug|x64.Build.0 = Debug|x64
		{B2EBB421-EFF0-4B98-B25A-5FC2E88A2D74}.Debug|x86.ActiveCfg = Debug|Win32
		{B2EBB421-EFF0-4B98-B25A-5FC2E88A2D74}.Debug|x86.Build.0 = Debug|Win32
		{B2EBB421-EFF0-4B98-B25A-5FC2E88A2D74}.Release|x64.ActiveCfg = Release|x64
		{B2EBB421-EFF0-4B98-B25A-5FC2E88A2D74}.Release|x64.Build.0 = Release|x64
		{B2EBB421-EFF0-4B98-B25A-5FC2E88A2D74}.Release|x86.ActiveCfg = Release|Win32
		{B2EBB421-EFF0-4B98-B25A-5FC2E88A2D74}.Release|x86.Build.0 = Release|Win32
		{0C549AE7-24EB-4121-95B6-22A95EDF1F04}.Debug|x64.ActiveCfg = Debug|x64
		{0C549AE7-24EB-4121-95B6-22A95EDF1F04}.Debug|x64.Build.0 = Debug|x64
		{0C549AE7-24EB-4121-95B6-22A95EDF1F04}.Debug|x86.ActiveCfg = Debug|Win32
		{0C549AE7-24EB-4121-95B6-22A95EDF1F04}.Debug|x86.Build.0 = Debug|Win32
		{0C549AE7-24EB-4121-95B6-22A95EDF1F04}.Release|x64.ActiveCfg = Release|x64
		{0C549AE7-24EB-4121-95B6-22A95EDF1F04}.Release|x64.Build.0 = Release|x64
		{0C549AE7-24EB-4121-95B6-22A95EDF1F04}.Release|x86.ActiveCfg = Release|Win32
		{0C549AE7-24EB-4121-95B6-22A95EDF1F04}.Release|x86.Build.0 = Release|Win32
		{DACEFD6D-C355-4CB2-B981-3A882B9953AA}.Debug|x64.ActiveCfg = Debug|x64
		{DACEFD6D-C355-4CB2-B981-3A882B9953AA}.Debug|x64.Build.0 = Debug|x64
		{DACEFD6D-C355-4CB2-B981-3A882B9953AA}.Debug|x86.ActiveCfg = Debug|Win32
		{DACEFD6D-C355-4CB2-B981-3A882B9953AA}.Debug|x86.Build.0 = Debug|Win32
		{DACEFD6D-C355-4CB2-B981-3A882B9953AA}.Release|x64.ActiveCfg = Release|x64
		{DACEFD6D-C355-4CB2-B981-3A882B9953AA}.Release|x64.Build.0 = Release|x64
		{DACEFD6D-C355-4CB2-B981-3A882B9953AA}.Release|x86.ActiveCfg = Release|Win32
		{DACEFD6D-C355-4CB2-B981-3A882B9953AA}.Release|x86.Build.0 = Release|Win32
	EndGlobalSection
	GlobalSection(SolutionProperties) = preSolution
		HideSolutionNode = FALSE
	EndGlobalSection
	GlobalSection(ExtensibilityGlobals) = postSolution
		SolutionGuid = {FDCE7A34-4C94-4839-8074-EB031D25C220}
	EndGlobalSection
EndGlobal
